// !$*UTF8*$!
{
	archiveVersion = 1;
	classes = {
	};
	objectVersion = 50;
	objects = {

/* Begin PBXBuildFile section */
		CD4F1309243C319900157A7E /* AppDelegate.swift in Sources */ = {isa = PBXBuildFile; fileRef = CD4F1308243C319900157A7E /* AppDelegate.swift */; };
		CD4F130B243C319900157A7E /* SceneDelegate.swift in Sources */ = {isa = PBXBuildFile; fileRef = CD4F130A243C319900157A7E /* SceneDelegate.swift */; };
		CD4F130D243C319900157A7E /* ViewController.swift in Sources */ = {isa = PBXBuildFile; fileRef = CD4F130C243C319900157A7E /* ViewController.swift */; };
		CD4F1310243C319900157A7E /* Main.storyboard in Resources */ = {isa = PBXBuildFile; fileRef = CD4F130E243C319900157A7E /* Main.storyboard */; };
		CD4F1312243C319A00157A7E /* Assets.xcassets in Resources */ = {isa = PBXBuildFile; fileRef = CD4F1311243C319A00157A7E /* Assets.xcassets */; };
		CD4F1315243C319A00157A7E /* LaunchScreen.storyboard in Resources */ = {isa = PBXBuildFile; fileRef = CD4F1313243C319A00157A7E /* LaunchScreen.storyboard */; };
		CD4F131D243C32C700157A7E /* OrderViewController.swift in Sources */ = {isa = PBXBuildFile; fileRef = CD4F131C243C32C700157A7E /* OrderViewController.swift */; };
		CD4F131F243C38F300157A7E /* appicon-120x120.png in Resources */ = {isa = PBXBuildFile; fileRef = CD4F131E243C38F300157A7E /* appicon-120x120.png */; };
/* End PBXBuildFile section */

/* Begin PBXFileReference section */
		CD4F1305243C319900157A7E /* Navigation1to1.app */ = {isa = PBXFileReference; explicitFileType = wrapper.application; includeInIndex = 0; path = Navigation1to1.app; sourceTree = BUILT_PRODUCTS_DIR; };
		CD4F1308243C319900157A7E /* AppDelegate.swift */ = {isa = PBXFileReference; lastKnownFileType = sourcecode.swift; path = AppDelegate.swift; sourceTree = "<group>"; };
		CD4F130A243C319900157A7E /* SceneDelegate.swift */ = {isa = PBXFileReference; lastKnownFileType = sourcecode.swift; path = SceneDelegate.swift; sourceTree = "<group>"; };
		CD4F130C243C319900157A7E /* ViewController.swift */ = {isa = PBXFileReference; lastKnownFileType = sourcecode.swift; path = ViewController.swift; sourceTree = "<group>"; };
		CD4F130F243C319900157A7E /* Base */ = {isa = PBXFileReference; lastKnownFileType = file.storyboard; name = Base; path = Base.lproj/Main.storyboard; sourceTree = "<group>"; };
		CD4F1311243C319A00157A7E /* Assets.xcassets */ = {isa = PBXFileReference; lastKnownFileType = folder.assetcatalog; path = Assets.xcassets; sourceTree = "<group>"; };
		CD4F1314243C319A00157A7E /* Base */ = {isa = PBXFileReference; lastKnownFileType = file.storyboard; name = Base; path = Base.lproj/LaunchScreen.storyboard; sourceTree = "<group>"; };
		CD4F1316243C319A00157A7E /* Info.plist */ = {isa = PBXFileReference; lastKnownFileType = text.plist.xml; path = Info.plist; sourceTree = "<group>"; };
		CD4F131C243C32C700157A7E /* OrderViewController.swift */ = {isa = PBXFileReference; lastKnownFileType = sourcecode.swift; path = OrderViewController.swift; sourceTree = "<group>"; };
		CD4F131E243C38F300157A7E /* appicon-120x120.png */ = {isa = PBXFileReference; lastKnownFileType = image.png; path = "appicon-120x120.png"; sourceTree = "<group>"; };
/* End PBXFileReference section */

/* Begin PBXFrameworksBuildPhase section */
		CD4F1302243C319900157A7E /* Frameworks */ = {
			isa = PBXFrameworksBuildPhase;
			buildActionMask = 2147483647;
			files = (
			);
			runOnlyForDeploymentPostprocessing = 0;
		};
/* End PBXFrameworksBuildPhase section */

/* Begin PBXGroup section */
		CD4F12FC243C319900157A7E = {
			isa = PBXGroup;
			children = (
				CD4F1307243C319900157A7E /* Navigation1to1 */,
				CD4F1306243C319900157A7E /* Products */,
			);
			sourceTree = "<group>";
		};
		CD4F1306243C319900157A7E /* Products */ = {
			isa = PBXGroup;
			children = (
				CD4F1305243C319900157A7E /* Navigation1to1.app */,
			);
			name = Products;
			sourceTree = "<group>";
		};
		CD4F1307243C319900157A7E /* Navigation1to1 */ = {
			isa = PBXGroup;
			children = (
				CD4F131E243C38F300157A7E /* appicon-120x120.png */,
				CD4F1308243C319900157A7E /* AppDelegate.swift */,
				CD4F130A243C319900157A7E /* SceneDelegate.swift */,
				CD4F130C243C319900157A7E /* ViewController.swift */,
				CD4F131C243C32C700157A7E /* OrderViewController.swift */,
				CD4F130E243C319900157A7E /* Main.storyboard */,
				CD4F1311243C319A00157A7E /* Assets.xcassets */,
				CD4F1313243C319A00157A7E /* LaunchScreen.storyboard */,
				CD4F1316243C319A00157A7E /* Info.plist */,
			);
			path = Navigation1to1;
			sourceTree = "<group>";
		};
/* End PBXGroup section */

/* Begin PBXNativeTarget section */
		CD4F1304243C319900157A7E /* Navigation1to1 */ = {
			isa = PBXNativeTarget;
			buildConfigurationList = CD4F1319243C319A00157A7E /* Build configuration list for PBXNativeTarget "Navigation1to1" */;
			buildPhases = (
				CD4F1301243C319900157A7E /* Sources */,
				CD4F1302243C319900157A7E /* Frameworks */,
				CD4F1303243C319900157A7E /* Resources */,
			);
			buildRules = (
			);
			dependencies = (
			);
			name = Navigation1to1;
			productName = Navigation1to1;
			productReference = CD4F1305243C319900157A7E /* Navigation1to1.app */;
			productType = "com.apple.product-type.application";
		};
/* End PBXNativeTarget section */

/* Begin PBXProject section */
		CD4F12FD243C319900157A7E /* Project object */ = {
			isa = PBXProject;
			attributes = {
				LastSwiftUpdateCheck = 1130;
				LastUpgradeCheck = 1130;
				ORGANIZATIONNAME = SWUCOMPUTER;
				TargetAttributes = {
					CD4F1304243C319900157A7E = {
						CreatedOnToolsVersion = 11.3.1;
					};
				};
			};
			buildConfigurationList = CD4F1300243C319900157A7E /* Build configuration list for PBXProject "Navigation1to1" */;
			compatibilityVersion = "Xcode 9.3";
			developmentRegion = en;
			hasScannedForEncodings = 0;
			knownRegions = (
				en,
				Base,
			);
			mainGroup = CD4F12FC243C319900157A7E;
			productRefGroup = CD4F1306243C319900157A7E /* Products */;
			projectDirPath = "";
			projectRoot = "";
			targets = (
				CD4F1304243C319900157A7E /* Navigation1to1 */,
			);
		};
/* End PBXProject section */

/* Begin PBXResourcesBuildPhase section */
		CD4F1303243C319900157A7E /* Resources */ = {
			isa = PBXResourcesBuildPhase;
			buildActionMask = 2147483647;
			files = (
				CD4F1315243C319A00157A7E /* LaunchScreen.storyboard in Resources */,
				CD4F1312243C319A00157A7E /* Assets.xcassets in Resources */,
				CD4F1310243C319900157A7E /* Main.storyboard in Resources */,
				CD4F131F243C38F300157A7E /* appicon-120x120.png in Resources */,
			);
			runOnlyForDeploymentPostprocessing = 0;
		};
/* End PBXResourcesBuildPhase section */

/* Begin PBXSourcesBuildPhase section */
		CD4F1301243C319900157A7E /* Sources */ = {
			isa = PBXSourcesBuildPhase;
			buildActionMask = 2147483647;
			files = (
				CD4F130D243C319900157A7E /* ViewController.swift in Sources */,
				CD4F1309243C319900157A7E /* AppDelegate.swift in Sources */,
				CD4F130B243C319900157A7E /* SceneDelegate.swift in Sources */,
				CD4F131D243C32C700157A7E /* OrderViewController.swift in Sources */,
			);
			runOnlyForDeploymentPostprocessing = 0;
		};
/* End PBXSourcesBuildPhase section */

/* Begin PBXVariantGroup section */
		CD4F130E243C319900157A7E /* Main.storyboard */ = {
			isa = PBXVariantGroup;
			children = (
				CD4F130F243C319900157A7E /* Base */,
			);
			name = Main.storyboard;
			sourceTree = "<group>";
		};
		CD4F1313243C319A00157A7E /* LaunchScreen.storyboard */ = {
			isa = PBXVariantGroup;
			children = (
				CD4F1314243C319A00157A7E /* Base */,
			);
			name = LaunchScreen.storyboard;
			sourceTree = "<group>";
		};
/* End PBXVariantGroup section */

/* Begin XCBuildConfiguration section */
		CD4F1317243C319A00157A7E /* Debug */ = {
			isa = XCBuildConfiguration;
			buildSettings = {
				ALWAYS_SEARCH_USER_PATHS = NO;
				CLANG_ANALYZER_NONNULL = YES;
				CLANG_ANALYZER_NUMBER_OBJECT_CONVERSION = YES_AGGRESSIVE;
				CLANG_CXX_LANGUAGE_STANDARD = "gnu++14";
				CLANG_CXX_LIBRARY = "libc++";
				CLANG_ENABLE_MODULES = YES;
				CLANG_ENABLE_OBJC_ARC = YES;
				CLANG_ENABLE_OBJC_WEAK = YES;
				CLANG_WARN_BLOCK_CAPTURE_AUTORELEASING = YES;
				CLANG_WARN_BOOL_CONVERSION = YES;
				CLANG_WARN_COMMA = YES;
				CLANG_WARN_CONSTANT_CONVERSION = YES;
				CLANG_WARN_DEPRECATED_OBJC_IMPLEMENTATIONS = YES;
				CLANG_WARN_DIRECT_OBJC_ISA_USAGE = YES_ERROR;
				CLANG_WARN_DOCUMENTATION_COMMENTS = YES;
				CLANG_WARN_EMPTY_BODY = YES;
				CLANG_WARN_ENUM_CONVERSION = YES;
				CLANG_WARN_INFINITE_RECURSION = YES;
				CLANG_WARN_INT_CONVERSION = YES;
				CLANG_WARN_NON_LITERAL_NULL_CONVERSION = YES;
				CLANG_WARN_OBJC_IMPLICIT_RETAIN_SELF = YES;
				CLANG_WARN_OBJC_LITERAL_CONVERSION = YES;
				CLANG_WARN_OBJC_ROOT_CLASS = YES_ERROR;
				CLANG_WARN_RANGE_LOOP_ANALYSIS = YES;
				CLANG_WARN_STRICT_PROTOTYPES = YES;
				CLANG_WARN_SUSPICIOUS_MOVE = YES;
				CLANG_WARN_UNGUARDED_AVAILABILITY = YES_AGGRESSIVE;
				CLANG_WARN_UNREACHABLE_CODE = YES;
				CLANG_WARN__DUPLICATE_METHOD_MATCH = YES;
				COPY_PHASE_STRIP = NO;
				DEBUG_INFORMATION_FORMAT = dwarf;
				ENABLE_STRICT_OBJC_MSGSEND = YES;
				ENABLE_TESTABILITY = YES;
				GCC_C_LANGUAGE_STANDARD = gnu11;
				GCC_DYNAMIC_NO_PIC = NO;
				GCC_NO_COMMON_BLOCKS = YES;
				GCC_OPTIMIZATION_LEVEL = 0;
				GCC_PREPROCESSOR_DEFINITIONS = (
					"DEBUG=1",
					"$(inherited)",
				);
				GCC_WARN_64_TO_32_BIT_CONVERSION = YES;
				GCC_WARN_ABOUT_RETURN_TYPE = YES_ERROR;
				GCC_WARN_UNDECLARED_SELECTOR = YES;
				GCC_WARN_UNINITIALIZED_AUTOS = YES_AGGRESSIVE;
				GCC_WARN_UNUSED_FUNCTION = YES;
				GCC_WARN_UNUSED_VARIABLE = YES;
				IPHONEOS_DEPLOYMENT_TARGET = 13.2;
				MTL_ENABLE_DEBUG_INFO = INCLUDE_SOURCE;
				MTL_FAST_MATH = YES;
				ONLY_ACTIVE_ARCH = YES;
				SDKROOT = iphoneos;
				SWIFT_ACTIVE_COMPILATION_CONDITIONS = DEBUG;
				SWIFT_OPTIMIZATION_LEVEL = "-Onone";
			};
			name = Debug;
		};
		CD4F1318243C319A00157A7E /* Release */ = {
			isa = XCBuildConfiguration;
			buildSettings = {
				ALWAYS_SEARCH_USER_PATHS = NO;
				CLANG_ANALYZER_NONNULL = YES;
				CLANG_ANALYZER_NUMBER_OBJECT_CONVERSION = YES_AGGRESSIVE;
				CLANG_CXX_LANGUAGE_STANDARD = "gnu++14";
				CLANG_CXX_LIBRARY = "libc++";
				CLANG_ENABLE_MODULES = YES;
				CLANG_ENABLE_OBJC_ARC = YES;
				CLANG_ENABLE_OBJC_WEAK = YES;
				CLANG_WARN_BLOCK_CAPTURE_AUTORELEASING = YES;
				CLANG_WARN_BOOL_CONVERSION = YES;
				CLANG_WARN_COMMA = YES;
				CLANG_WARN_CONSTANT_CONVERSION = YES;
				CLANG_WARN_DEPRECATED_OBJC_IMPLEMENTATIONS = YES;
				CLANG_WARN_DIRECT_OBJC_ISA_USAGE = YES_ERROR;
				CLANG_WARN_DOCUMENTATION_COMMENTS = YES;
				CLANG_WARN_EMPTY_BODY = YES;
				CLANG_WARN_ENUM_CONVERSION = YES;
				CLANG_WARN_INFINITE_RECURSION = YES;
				CLANG_WARN_INT_CONVERSION = YES;
				CLANG_WARN_NON_LITERAL_NULL_CONVERSION = YES;
				CLANG_WARN_OBJC_IMPLICIT_RETAIN_SELF = YES;
				CLANG_WARN_OBJC_LITERAL_CONVERSION = YES;
				CLANG_WARN_OBJC_ROOT_CLASS = YES_ERROR;
				CLANG_WARN_RANGE_LOOP_ANALYSIS = YES;
				CLANG_WARN_STRICT_PROTOTYPES = YES;
				CLANG_WARN_SUSPICIOUS_MOVE = YES;
				CLANG_WARN_UNGUARDED_AVAILABILITY = YES_AGGRESSIVE;
				CLANG_WARN_UNREACHABLE_CODE = YES;
				CLANG_WARN__DUPLICATE_METHOD_MATCH = YES;
				COPY_PHASE_STRIP = NO;
				DEBUG_INFORMATION_FORMAT = "dwarf-with-dsym";
				ENABLE_NS_ASSERTIONS = NO;
				ENABLE_STRICT_OBJC_MSGSEND = YES;
				GCC_C_LANGUAGE_STANDARD = gnu11;
				GCC_NO_COMMON_BLOCKS = YES;
				GCC_WARN_64_TO_32_BIT_CONVERSION = YES;
				GCC_WARN_ABOUT_RETURN_TYPE = YES_ERROR;
				GCC_WARN_UNDECLARED_SELECTOR = YES;
				GCC_WARN_UNINITIALIZED_AUTOS = YES_AGGRESSIVE;
				GCC_WARN_UNUSED_FUNCTION = YES;
				GCC_WARN_UNUSED_VARIABLE = YES;
				IPHONEOS_DEPLOYMENT_TARGET = 13.2;
				MTL_ENABLE_DEBUG_INFO = NO;
				MTL_FAST_MATH = YES;
				SDKROOT = iphoneos;
				SWIFT_COMPILATION_MODE = wholemodule;
				SWIFT_OPTIMIZATION_LEVEL = "-O";
				VALIDATE_PRODUCT = YES;
			};
			name = Release;
		};
		CD4F131A243C319A00157A7E /* Debug */ = {
			isa = XCBuildConfiguration;
			buildSettings = {
				ASSETCATALOG_COMPILER_APPICON_NAME = AppIcon;
				CODE_SIGN_STYLE = Automatic;
				INFOPLIST_FILE = Navigation1to1/Info.plist;
				LD_RUNPATH_SEARCH_PATHS = (
					"$(inherited)",
					"@executable_path/Frameworks",
				);
				PRODUCT_BUNDLE_IDENTIFIER = kr.ac.swu.Navigation1to1;
				PRODUCT_NAME = "$(TARGET_NAME)";
				SWIFT_VERSION = 5.0;
				TARGETED_DEVICE_FAMILY = "1,2";
			};
			name = Debug;
		};
		CD4F131B243C319A00157A7E /* Release */ = {
			isa = XCBuildConfiguration;
			buildSettings = {
				ASSETCATALOG_COMPILER_APPICON_NAME = AppIcon;
				CODE_SIGN_STYLE = Automatic;
				INFOPLIST_FILE = Navigation1to1/Info.plist;
				LD_RUNPATH_SEARCH_PATHS = (
					"$(inherited)",
					"@executable_path/Frameworks",
				);
				PRODUCT_BUNDLE_IDENTIFIER = kr.ac.swu.Navigation1to1;
				PRODUCT_NAME = "$(TARGET_NAME)";
				SWIFT_VERSION = 5.0;
				TARGETED_DEVICE_FAMILY = "1,2";
			};
			name = Release;
		};
/* End XCBuildConfiguration section */

/* Begin XCConfigurationList section */
		CD4F1300243C319900157A7E /* Build configuration list for PBXProject "Navigation1to1" */ = {
			isa = XCConfigurationList;
			buildConfigurations = (
				CD4F1317243C319A00157A7E /* Debug */,
				CD4F1318243C319A00157A7E /* Release */,
			);
			defaultConfigurationIsVisible = 0;
			defaultConfigurationName = Release;
		};
		CD4F1319243C319A00157A7E /* Build configuration list for PBXNativeTarget "Navigation1to1" */ = {
			isa = XCConfigurationList;
			buildConfigurations = (
				CD4F131A243C319A00157A7E /* Debug */,
				CD4F131B243C319A00157A7E /* Release */,
			);
			defaultConfigurationIsVisible = 0;
			defaultConfigurationName = Release;
		};
/* End XCConfigurationList section */
	};
	rootObject = CD4F12FD243C319900157A7E /* Project object */;
}
